
Microsoft Visual Studio Solution File, Format Version 12.00
# Visual Studio Version 17
VisualStudioVersion = 17.3.32728.150
MinimumVisualStudioVersion = 10.0.40219.1
Project("{9A19103F-16F7-4668-BE54-9A1E7A4F7556}") = "XWSNET", "XWSNET\XWSNET.csproj", "{8903B2FD-79A0-45B8-AB07-17535D1138B5}"
EndProject
Project("{FAE04EC0-301F-11D3-BF4B-00C04F79EFBC}") = "XWSNET.Tests", "XWSNET.Tests\XWSNET.Tests.csproj", "{047174E1-33C9-4288-B807-9442D7AD7331}"
EndProject
Global
	GlobalSection(SolutionConfigurationPlatforms) = preSolution
		Debug|Any CPU = Debug|Any CPU
		Release|Any CPU = Release|Any CPU
	EndGlobalSection
	GlobalSection(ProjectConfigurationPlatforms) = postSolution
		{8903B2FD-79A0-45B8-AB07-17535D1138B5}.Debug|Any CPU.ActiveCfg = Debug|Any CPU
		{8903B2FD-79A0-45B8-AB07-17535D1138B5}.Debug|Any CPU.Build.0 = Debug|Any CPU
		{8903B2FD-79A0-45B8-AB07-17535D1138B5}.Release|Any CPU.ActiveCfg = Release|Any CPU
		{8903B2FD-79A0-45B8-AB07-17535D1138B5}.Release|Any CPU.Build.0 = Release|Any CPU
		{047174E1-33C9-4288-B807-9442D7AD7331}.Debug|Any CPU.ActiveCfg = Debug|Any CPU
		{047174E1-33C9-4288-B807-9442D7AD7331}.Debug|Any CPU.Build.0 = Debug|Any CPU
		{047174E1-33C9-4288-B807-9442D7AD7331}.Release|Any CPU.ActiveCfg = Release|Any CPU
		{047174E1-33C9-4288-B807-9442D7AD7331}.Release|Any CPU.Build.0 = Release|Any CPU
	EndGlobalSection
	GlobalSection(SolutionProperties) = preSolution
		HideSolutionNode = FALSE
	EndGlobalSection
	GlobalSection(ExtensibilityGlobals) = postSolution
		SolutionGuid = {8CD26790-801F-411C-B0A6-B9709F5BCC0C}
	EndGlobalSection
EndGlobal
